
Microsoft Visual Studio Solution File, Format Version 12.00
# Visual Studio Version 18
VisualStudioVersion = 18.6.11828.311
MinimumVisualStudioVersion = 10.0.40219.1
Project("{2150E333-8FDC-42A3-9474-1A3956D46DE8}") = "src", "src", "{02EA681E-C7D8-13C7-8484-4AC65E1B71E8}"
EndProject
Project("{2150E333-8FDC-42A3-9474-1A3956D46DE8}") = "gateway", "gateway", "{AD634051-1C4E-4645-8F54-89A1174422CA}"
EndProject
Project("{2150E333-8FDC-42A3-9474-1A3956D46DE8}") = "services", "services", "{C929F79B-A2A5-4E08-8240-2E440F5CE8F0}"
EndProject
Project("{2150E333-8FDC-42A3-9474-1A3956D46DE8}") = "UserService", "UserService", "{99CA8A90-3E6A-4054-9CDF-AADE7BF7B178}"
EndProject
Project("{FAE04EC0-301F-11D3-BF4B-00C04F79EFBC}") = "ApiGateway", "ApiGateway\ApiGateway.csproj", "{9EAFDBCF-52D8-4038-AF3D-5A0A64CFCEAB}"
EndProject
Project("{FAE04EC0-301F-11D3-BF4B-00C04F79EFBC}") = "UserService.Api", "UserService.Api\UserService.Api.csproj", "{F3F322E2-7BFB-4DAE-A1D9-8C2F9B6E389E}"
EndProject
Project("{FAE04EC0-301F-11D3-BF4B-00C04F79EFBC}") = "UserService.Application", "UserService.Application\UserService.Application.csproj", "{1D85C77F-AD4A-437B-9651-3C457ECD9151}"
EndProject
Project("{FAE04EC0-301F-11D3-BF4B-00C04F79EFBC}") = "UserService.Domain", "UserService.Domain\UserService.Domain.csproj", "{0E1828F2-63E8-4D2D-825E-C29F64541ACD}"
EndProject
Project("{FAE04EC0-301F-11D3-BF4B-00C04F79EFBC}") = "UserService.Infrastructure", "UserService.Infrastructure\UserService.Infrastructure.csproj", "{CB72ECB5-1249-4A97-98F8-BCDB9D3EAE4E}"
EndProject
Project("{2150E333-8FDC-42A3-9474-1A3956D46DE8}") = "ProductService", "ProductService", "{302BB77B-DF9B-4F71-9250-F0215E0409DA}"
EndProject
Project("{FAE04EC0-301F-11D3-BF4B-00C04F79EFBC}") = "ProductService.Api", "ProductService.Api\ProductService.Api.csproj", "{92650D73-E6C2-4EEB-8096-322E3E090BD2}"
EndProject
Project("{FAE04EC0-301F-11D3-BF4B-00C04F79EFBC}") = "ProductService.Application", "ProductService.Application\ProductService.Application.csproj", "{4FD1D4F2-870D-4E46-ADD2-65AD23339A77}"
EndProject
Project("{FAE04EC0-301F-11D3-BF4B-00C04F79EFBC}") = "ProductService.Domain", "ProductService.Domain\ProductService.Domain.csproj", "{59C1AB85-6168-4060-81B5-0E996EE197D9}"
EndProject
Project("{FAE04EC0-301F-11D3-BF4B-00C04F79EFBC}") = "ProductService.Infrastructure", "ProductService.Infrastructure\ProductService.Infrastructure.csproj", "{F0BFC746-ED45-4A81-8883-A66E9678C87C}"
EndProject
Project("{2150E333-8FDC-42A3-9474-1A3956D46DE8}") = "OrderService", "OrderService", "{C450BBE7-B196-4ED5-B7B7-06415CC64ABC}"
EndProject
Project("{FAE04EC0-301F-11D3-BF4B-00C04F79EFBC}") = "OrderService.Api", "OrderService.Api\OrderService.Api.csproj", "{21D1003A-2A5F-406B-833B-642AD55990B8}"
EndProject
Project("{FAE04EC0-301F-11D3-BF4B-00C04F79EFBC}") = "OrderService.Application", "OrderService.Application\OrderService.Application.csproj", "{93CC988B-4AA2-432F-A5D9-791665800995}"
EndProject
Project("{FAE04EC0-301F-11D3-BF4B-00C04F79EFBC}") = "OrderService.Domain", "OrderService.Domain\OrderService.Domain.csproj", "{609F191E-F62C-404E-ACF1-52F0B8C3E2D4}"
EndProject
Project("{FAE04EC0-301F-11D3-BF4B-00C04F79EFBC}") = "OrderService.Infrastructure", "OrderService.Infrastructure\OrderService.Infrastructure.csproj", "{29200F3C-3F49-436D-B645-F0911F851D53}"
EndProject
Project("{FAE04EC0-301F-11D3-BF4B-00C04F79EFBC}") = "Shared.Common", "Shared.Common\Shared.Common.csproj", "{7731286F-F3EA-46DE-BD87-8930129C1A8A}"
EndProject
Project("{FAE04EC0-301F-11D3-BF4B-00C04F79EFBC}") = "ProductService.Tests", "ProductService.Tests\ProductService.Tests.csproj", "{BCC7EB6C-D9A1-4C1A-B291-AD114DC0CC69}"
EndProject
Project("{FAE04EC0-301F-11D3-BF4B-00C04F79EFBC}") = "OrderService.Tests", "OrderService.Tests\OrderService.Tests.csproj", "{D3D4DF2B-8B9E-4DFB-BD0B-0980CCF9C643}"
EndProject
Project("{FAE04EC0-301F-11D3-BF4B-00C04F79EFBC}") = "OrderProcessor.Worker", "OrderProcessor.Worker\OrderProcessor.Worker.csproj", "{9E06177E-2A13-4D7C-9B62-36AD4E1C41BE}"
EndProject
Project("{2150E333-8FDC-42A3-9474-1A3956D46DE8}") = "Solution Items", "Solution Items", "{EF5E4B9B-E9B0-4B84-981F-7DF542142205}"
	ProjectSection(SolutionItems) = preProject
		docker-compose.yml = docker-compose.yml
	EndProjectSection
EndProject
Global
	GlobalSection(SolutionConfigurationPlatforms) = preSolution
		Debug|Any CPU = Debug|Any CPU
		Release|Any CPU = Release|Any CPU
	EndGlobalSection
	GlobalSection(ProjectConfigurationPlatforms) = postSolution
		{9EAFDBCF-52D8-4038-AF3D-5A0A64CFCEAB}.Debug|Any CPU.ActiveCfg = Debug|Any CPU
		{9EAFDBCF-52D8-4038-AF3D-5A0A64CFCEAB}.Debug|Any CPU.Build.0 = Debug|Any CPU
		{9EAFDBCF-52D8-4038-AF3D-5A0A64CFCEAB}.Release|Any CPU.ActiveCfg = Release|Any CPU
		{9EAFDBCF-52D8-4038-AF3D-5A0A64CFCEAB}.Release|Any CPU.Build.0 = Release|Any CPU
		{F3F322E2-7BFB-4DAE-A1D9-8C2F9B6E389E}.Debug|Any CPU.ActiveCfg = Debug|Any CPU
		{F3F322E2-7BFB-4DAE-A1D9-8C2F9B6E389E}.Debug|Any CPU.Build.0 = Debug|Any CPU
		{F3F322E2-7BFB-4DAE-A1D9-8C2F9B6E389E}.Release|Any CPU.ActiveCfg = Release|Any CPU
		{F3F322E2-7BFB-4DAE-A1D9-8C2F9B6E389E}.Release|Any CPU.Build.0 = Release|Any CPU
		{1D85C77F-AD4A-437B-9651-3C457ECD9151}.Debug|Any CPU.ActiveCfg = Debug|Any CPU
		{1D85C77F-AD4A-437B-9651-3C457ECD9151}.Debug|Any CPU.Build.0 = Debug|Any CPU
		{1D85C77F-AD4A-437B-9651-3C457ECD9151}.Release|Any CPU.ActiveCfg = Release|Any CPU
		{1D85C77F-AD4A-437B-9651-3C457ECD9151}.Release|Any CPU.Build.0 = Release|Any CPU
		{0E1828F2-63E8-4D2D-825E-C29F64541ACD}.Debug|Any CPU.ActiveCfg = Debug|Any CPU
		{0E1828F2-63E8-4D2D-825E-C29F64541ACD}.Debug|Any CPU.Build.0 = Debug|Any CPU
		{0E1828F2-63E8-4D2D-825E-C29F64541ACD}.Release|Any CPU.ActiveCfg = Release|Any CPU
		{0E1828F2-63E8-4D2D-825E-C29F64541ACD}.Release|Any CPU.Build.0 = Release|Any CPU
		{CB72ECB5-1249-4A97-98F8-BCDB9D3EAE4E}.Debug|Any CPU.ActiveCfg = Debug|Any CPU
		{CB72ECB5-1249-4A97-98F8-BCDB9D3EAE4E}.Debug|Any CPU.Build.0 = Debug|Any CPU
		{CB72ECB5-1249-4A97-98F8-BCDB9D3EAE4E}.Release|Any CPU.ActiveCfg = Release|Any CPU
		{CB72ECB5-1249-4A97-98F8-BCDB9D3EAE4E}.Release|Any CPU.Build.0 = Release|Any CPU
		{92650D73-E6C2-4EEB-8096-322E3E090BD2}.Debug|Any CPU.ActiveCfg = Debug|Any CPU
		{92650D73-E6C2-4EEB-8096-322E3E090BD2}.Debug|Any CPU.Build.0 = Debug|Any CPU
		{92650D73-E6C2-4EEB-8096-322E3E090BD2}.Release|Any CPU.ActiveCfg = Release|Any CPU
		{92650D73-E6C2-4EEB-8096-322E3E090BD2}.Release|Any CPU.Build.0 = Release|Any CPU
		{4FD1D4F2-870D-4E46-ADD2-65AD23339A77}.Debug|Any CPU.ActiveCfg = Debug|Any CPU
		{4FD1D4F2-870D-4E46-ADD2-65AD23339A77}.Debug|Any CPU.Build.0 = Debug|Any CPU
		{4FD1D4F2-870D-4E46-ADD2-65AD23339A77}.Release|Any CPU.ActiveCfg = Release|Any CPU
		{4FD1D4F2-870D-4E46-ADD2-65AD23339A77}.Release|Any CPU.Build.0 = Release|Any CPU
		{59C1AB85-6168-4060-81B5-0E996EE197D9}.Debug|Any CPU.ActiveCfg = Debug|Any CPU
		{59C1AB85-6168-4060-81B5-0E996EE197D9}.Debug|Any CPU.Build.0 = Debug|Any CPU
		{59C1AB85-6168-4060-81B5-0E996EE197D9}.Release|Any CPU.ActiveCfg = Release|Any CPU
		{59C1AB85-6168-4060-81B5-0E996EE197D9}.Release|Any CPU.Build.0 = Release|Any CPU
		{F0BFC746-ED45-4A81-8883-A66E9678C87C}.Debug|Any CPU.ActiveCfg = Debug|Any CPU
		{F0BFC746-ED45-4A81-8883-A66E9678C87C}.Debug|Any CPU.Build.0 = Debug|Any CPU
		{F0BFC746-ED45-4A81-8883-A66E9678C87C}.Release|Any CPU.ActiveCfg = Release|Any CPU
		{F0BFC746-ED45-4A81-8883-A66E9678C87C}.Release|Any CPU.Build.0 = Release|Any CPU
		{21D1003A-2A5F-406B-833B-642AD55990B8}.Debug|Any CPU.ActiveCfg = Debug|Any CPU
		{21D1003A-2A5F-406B-833B-642AD55990B8}.Debug|Any CPU.Build.0 = Debug|Any CPU
		{21D1003A-2A5F-406B-833B-642AD55990B8}.Release|Any CPU.ActiveCfg = Release|Any CPU
		{21D1003A-2A5F-406B-833B-642AD55990B8}.Release|Any CPU.Build.0 = Release|Any CPU
		{93CC988B-4AA2-432F-A5D9-791665800995}.Debug|Any CPU.ActiveCfg = Debug|Any CPU
		{93CC988B-4AA2-432F-A5D9-791665800995}.Debug|Any CPU.Build.0 = Debug|Any CPU
		{93CC988B-4AA2-432F-A5D9-791665800995}.Release|Any CPU.ActiveCfg = Release|Any CPU
		{93CC988B-4AA2-432F-A5D9-791665800995}.Release|Any CPU.Build.0 = Release|Any CPU
		{609F191E-F62C-404E-ACF1-52F0B8C3E2D4}.Debug|Any CPU.ActiveCfg = Debug|Any CPU
		{609F191E-F62C-404E-ACF1-52F0B8C3E2D4}.Debug|Any CPU.Build.0 = Debug|Any CPU
		{609F191E-F62C-404E-ACF1-52F0B8C3E2D4}.Release|Any CPU.ActiveCfg = Release|Any CPU
		{609F191E-F62C-404E-ACF1-52F0B8C3E2D4}.Release|Any CPU.Build.0 = Release|Any CPU
		{29200F3C-3F49-436D-B645-F0911F851D53}.Debug|Any CPU.ActiveCfg = Debug|Any CPU
		{29200F3C-3F49-436D-B645-F0911F851D53}.Debug|Any CPU.Build.0 = Debug|Any CPU
		{29200F3C-3F49-436D-B645-F0911F851D53}.Release|Any CPU.ActiveCfg = Release|Any CPU
		{29200F3C-3F49-436D-B645-F0911F851D53}.Release|Any CPU.Build.0 = Release|Any CPU
		{7731286F-F3EA-46DE-BD87-8930129C1A8A}.Debug|Any CPU.ActiveCfg = Debug|Any CPU
		{7731286F-F3EA-46DE-BD87-8930129C1A8A}.Debug|Any CPU.Build.0 = Debug|Any CPU
		{7731286F-F3EA-46DE-BD87-8930129C1A8A}.Release|Any CPU.ActiveCfg = Release|Any CPU
		{7731286F-F3EA-46DE-BD87-8930129C1A8A}.Release|Any CPU.Build.0 = Release|Any CPU
		{BCC7EB6C-D9A1-4C1A-B291-AD114DC0CC69}.Debug|Any CPU.ActiveCfg = Debug|Any CPU
		{BCC7EB6C-D9A1-4C1A-B291-AD114DC0CC69}.Debug|Any CPU.Build.0 = Debug|Any CPU
		{BCC7EB6C-D9A1-4C1A-B291-AD114DC0CC69}.Release|Any CPU.ActiveCfg = Release|Any CPU
		{BCC7EB6C-D9A1-4C1A-B291-AD114DC0CC69}.Release|Any CPU.Build.0 = Release|Any CPU
		{D3D4DF2B-8B9E-4DFB-BD0B-0980CCF9C643}.Debug|Any CPU.ActiveCfg = Debug|Any CPU
		{D3D4DF2B-8B9E-4DFB-BD0B-0980CCF9C643}.Debug|Any CPU.Build.0 = Debug|Any CPU
		{D3D4DF2B-8B9E-4DFB-BD0B-0980CCF9C643}.Release|Any CPU.ActiveCfg = Release|Any CPU
		{D3D4DF2B-8B9E-4DFB-BD0B-0980CCF9C643}.Release|Any CPU.Build.0 = Release|Any CPU
		{9E06177E-2A13-4D7C-9B62-36AD4E1C41BE}.Debug|Any CPU.ActiveCfg = Debug|Any CPU
		{9E06177E-2A13-4D7C-9B62-36AD4E1C41BE}.Debug|Any CPU.Build.0 = Debug|Any CPU
		{9E06177E-2A13-4D7C-9B62-36AD4E1C41BE}.Release|Any CPU.ActiveCfg = Release|Any CPU
		{9E06177E-2A13-4D7C-9B62-36AD4E1C41BE}.Release|Any CPU.Build.0 = Release|Any CPU
	EndGlobalSection
	GlobalSection(SolutionProperties) = preSolution
		HideSolutionNode = FALSE
	EndGlobalSection
	GlobalSection(NestedProjects) = preSolution
		{99CA8A90-3E6A-4054-9CDF-AADE7BF7B178} = {C929F79B-A2A5-4E08-8240-2E440F5CE8F0}
		{9EAFDBCF-52D8-4038-AF3D-5A0A64CFCEAB} = {AD634051-1C4E-4645-8F54-89A1174422CA}
		{F3F322E2-7BFB-4DAE-A1D9-8C2F9B6E389E} = {99CA8A90-3E6A-4054-9CDF-AADE7BF7B178}
		{1D85C77F-AD4A-437B-9651-3C457ECD9151} = {99CA8A90-3E6A-4054-9CDF-AADE7BF7B178}
		{0E1828F2-63E8-4D2D-825E-C29F64541ACD} = {99CA8A90-3E6A-4054-9CDF-AADE7BF7B178}
		{CB72ECB5-1249-4A97-98F8-BCDB9D3EAE4E} = {99CA8A90-3E6A-4054-9CDF-AADE7BF7B178}
		{302BB77B-DF9B-4F71-9250-F0215E0409DA} = {C929F79B-A2A5-4E08-8240-2E440F5CE8F0}
		{92650D73-E6C2-4EEB-8096-322E3E090BD2} = {302BB77B-DF9B-4F71-9250-F0215E0409DA}
		{4FD1D4F2-870D-4E46-ADD2-65AD23339A77} = {302BB77B-DF9B-4F71-9250-F0215E0409DA}
		{59C1AB85-6168-4060-81B5-0E996EE197D9} = {302BB77B-DF9B-4F71-9250-F0215E0409DA}
		{F0BFC746-ED45-4A81-8883-A66E9678C87C} = {302BB77B-DF9B-4F71-9250-F0215E0409DA}
		{C450BBE7-B196-4ED5-B7B7-06415CC64ABC} = {C929F79B-A2A5-4E08-8240-2E440F5CE8F0}
		{21D1003A-2A5F-406B-833B-642AD55990B8} = {C450BBE7-B196-4ED5-B7B7-06415CC64ABC}
		{93CC988B-4AA2-432F-A5D9-791665800995} = {C450BBE7-B196-4ED5-B7B7-06415CC64ABC}
		{609F191E-F62C-404E-ACF1-52F0B8C3E2D4} = {C450BBE7-B196-4ED5-B7B7-06415CC64ABC}
		{29200F3C-3F49-436D-B645-F0911F851D53} = {C450BBE7-B196-4ED5-B7B7-06415CC64ABC}
		{7731286F-F3EA-46DE-BD87-8930129C1A8A} = {C929F79B-A2A5-4E08-8240-2E440F5CE8F0}
	EndGlobalSection
	GlobalSection(ExtensibilityGlobals) = postSolution
		SolutionGuid = {14935134-2884-4D4D-B00E-3B127B44A7F1}
	EndGlobalSection
EndGlobal
